
Microsoft Visual Studio Solution File, Format Version 12.00
# Visual Studio Version 16
VisualStudioVersion = 16.0.28922.388
MinimumVisualStudioVersion = 10.0.40219.1
Project("{FAE04EC0-301F-11D3-BF4B-00C04F79EFBC}") = "DnD Toolkit", "DnD Toolkit.csproj", "{9E80AEBC-8DF6-4B45-8F91-0EA03D0BAE6A}"
EndProject
Global
	GlobalSection(SolutionConfigurationPlatforms) = preSolution
		Debug|Any CPU = Debug|Any CPU
		Release|Any CPU = Release|Any CPU
	EndGlobalSection
	GlobalSection(ProjectConfigurationPlatforms) = postSolution
		{9E80AEBC-8DF6-4B45-8F91-0EA03D0BAE6A}.Debug|Any CPU.ActiveCfg = Debug|Any CPU
		{9E80AEBC-8DF6-4B45-8F91-0EA03D0BAE6A}.Debug|Any CPU.Build.0 = Debug|Any CPU
		{9E80AEBC-8DF6-4B45-8F91-0EA03D0BAE6A}.Release|Any CPU.ActiveCfg = Release|Any CPU
		{9E80AEBC-8DF6-4B45-8F91-0EA03D0BAE6A}.Release|Any CPU.Build.0 = Release|Any CPU
	EndGlobalSection
	GlobalSection(SolutionProperties) = preSolution
		HideSolutionNode = FALSE
	EndGlobalSection
	GlobalSection(ExtensibilityGlobals) = postSolution
		SolutionGuid = {450CA0E1-1375-4446-92B7-17E56C05DE67}
	EndGlobalSection
EndGlobal
